
Microsoft Visual Studio Solution File, Format Version 12.00
# Visual Studio Version 17
VisualStudioVersion = 17.6.33723.286
MinimumVisualStudioVersion = 10.0.40219.1
Project("{8BC9CEB8-8B4A-11D0-8D11-00A0C91BC942}") = "11653", "11653\11653.vcxproj", "{1A450E29-EFE2-437B-9EAD-09C7B29CA045}"
EndProject
Project("{8BC9CEB8-8B4A-11D0-8D11-00A0C91BC942}") = "11720", "11720\11720.vcxproj", "{79074EEC-4EEC-4996-88B4-0CB6814C551F}"
EndProject
Project("{8BC9CEB8-8B4A-11D0-8D11-00A0C91BC942}") = "Test", "Test\Test.vcxproj", "{3451B01B-6A21-4E56-92B1-3205F60064FD}"
EndProject
Project("{8BC9CEB8-8B4A-11D0-8D11-00A0C91BC942}") = "11816", "11816\11816.vcxproj", "{70430E49-6FE1-40A5-B1AB-9522F955BE96}"
EndProject
Project("{8BC9CEB8-8B4A-11D0-8D11-00A0C91BC942}") = "8595", "8595\8595.vcxproj", "{9833F9B2-4E90-4385-A17E-433E7561C7DE}"
EndProject
Project("{8BC9CEB8-8B4A-11D0-8D11-00A0C91BC942}") = "1269", "1269\1269.vcxproj", "{EC97A217-D88D-48E8-AF0C-CF7793CA24EC}"
EndProject
Project("{8BC9CEB8-8B4A-11D0-8D11-00A0C91BC942}") = "11728", "11728\11728.vcxproj", "{CD05F4B9-53F2-4819-8E99-50EA4A6E40A6}"
EndProject
Project("{8BC9CEB8-8B4A-11D0-8D11-00A0C91BC942}") = "1406", "1406\1406.vcxproj", "{7CD62D2B-A0DD-45BA-9600-D53D64B2C520}"
EndProject
Project("{8BC9CEB8-8B4A-11D0-8D11-00A0C91BC942}") = "9935", "9935\9935.vcxproj", "{D730B188-69F6-4B96-905F-65D645B8D5EE}"
EndProject
Project("{8BC9CEB8-8B4A-11D0-8D11-00A0C91BC942}") = "2231", "2231\2231.vcxproj", "{9EC0F620-AB5D-452F-9AEE-15B985828C46}"
EndProject
Project("{8BC9CEB8-8B4A-11D0-8D11-00A0C91BC942}") = "2798", "2798\2798.vcxproj", "{6E1E1212-1AFA-4580-814E-AB53DC5913CD}"
EndProject
Project("{8BC9CEB8-8B4A-11D0-8D11-00A0C91BC942}") = "1062", "1062\1062.vcxproj", "{CBEBE02E-F888-4976-82B7-C45D9B2BDE18}"
EndProject
Project("{8BC9CEB8-8B4A-11D0-8D11-00A0C91BC942}") = "10974", "10974\10974.vcxproj", "{A7A37A13-11EF-40BA-B9C2-67D7DE193FBF}"
EndProject
Project("{8BC9CEB8-8B4A-11D0-8D11-00A0C91BC942}") = "6603", "6603\6603.vcxproj", "{936B8542-9620-4FCE-83FF-A032659476F9}"
EndProject
Project("{8BC9CEB8-8B4A-11D0-8D11-00A0C91BC942}") = "10815", "10815\10815.vcxproj", "{7FD3DBF3-0A96-4359-BB9B-8ED4E6A9BFFB}"
EndProject
Project("{8BC9CEB8-8B4A-11D0-8D11-00A0C91BC942}") = "2343", "2343\2343.vcxproj", "{7B79F00B-D23B-49E1-B8D4-C4807E7DE071}"
EndProject
Project("{8BC9CEB8-8B4A-11D0-8D11-00A0C91BC942}") = "1654", "1654\1654.vcxproj", "{1EA29522-BF74-45E1-A466-F25D7593195D}"
EndProject
Project("{8BC9CEB8-8B4A-11D0-8D11-00A0C91BC942}") = "1300", "1300\1300.vcxproj", "{FB6504A7-744B-4EBE-98D1-95E8D32F9A96}"
EndProject
Project("{8BC9CEB8-8B4A-11D0-8D11-00A0C91BC942}") = "2447", "2447\2447.vcxproj", "{D8018363-1F4D-403E-A3DF-C0670900D126}"
EndProject
Project("{8BC9CEB8-8B4A-11D0-8D11-00A0C91BC942}") = "2339", "2339\2339.vcxproj", "{4DC2342D-0817-42EB-B033-25E581DFD8A6}"
EndProject
Project("{8BC9CEB8-8B4A-11D0-8D11-00A0C91BC942}") = "13430", "13430\13430.vcxproj", "{2BE40211-052A-4437-A25F-FEE54DC6E034}"
EndProject
Project("{8BC9CEB8-8B4A-11D0-8D11-00A0C91BC942}") = "1493", "1493\1493.vcxproj", "{34E90510-36A1-4A31-B003-1AAE11A029B8}"
EndProject
Project("{8BC9CEB8-8B4A-11D0-8D11-00A0C91BC942}") = "1517", "1517\1517.vcxproj", "{9D20D437-7B05-4127-8011-A18F7D3A2F7D}"
EndProject
Project("{8BC9CEB8-8B4A-11D0-8D11-00A0C91BC942}") = "2606", "2606\2606.vcxproj", "{CB3F6E0D-51AB-4E01-8ADD-C53132380CD9}"
EndProject
Project("{8BC9CEB8-8B4A-11D0-8D11-00A0C91BC942}") = "1303", "1303\1303.vcxproj", "{F314208D-8E37-4795-AE42-9D1C54DA6CC6}"
EndProject
Project("{8BC9CEB8-8B4A-11D0-8D11-00A0C91BC942}") = "1963", "1963\1963.vcxproj", "{A9EB22E8-C171-4BCB-87DA-DEC1D1169D96}"
EndProject
Project("{8BC9CEB8-8B4A-11D0-8D11-00A0C91BC942}") = "14226", "14226\14226.vcxproj", "{194C5C01-D41B-49F2-9E65-2E1535A26AB6}"
EndProject
Project("{8BC9CEB8-8B4A-11D0-8D11-00A0C91BC942}") = "2206", "2206\2206.vcxproj", "{BDAFFDA3-6DF6-4BB7-819D-71938AB7BC00}"
EndProject
Project("{8BC9CEB8-8B4A-11D0-8D11-00A0C91BC942}") = "16930", "16930\16930.vcxproj", "{FFFBB69E-093B-4E14-8F86-66EBDEB8510B}"
EndProject
Project("{8BC9CEB8-8B4A-11D0-8D11-00A0C91BC942}") = "1516", "1516\1516.vcxproj", "{DEB5ECCD-70EE-48F7-8210-84CEB664C2F0}"
EndProject
Project("{8BC9CEB8-8B4A-11D0-8D11-00A0C91BC942}") = "24900", "24900\24900.vcxproj", "{70BA7702-D993-41CB-B717-3695C6EB3326}"
EndProject
Project("{8BC9CEB8-8B4A-11D0-8D11-00A0C91BC942}") = "24904", "24904\24904.vcxproj", "{0F0AFDA1-B6B8-43A3-A63A-59ABA0297627}"
EndProject
Project("{8BC9CEB8-8B4A-11D0-8D11-00A0C91BC942}") = "27049", "27049\27049.vcxproj", "{321DA45D-5B70-40E3-AD34-D9A1C097BF7D}"
EndProject
Project("{8BC9CEB8-8B4A-11D0-8D11-00A0C91BC942}") = "1629", "1629\1629.vcxproj", "{BD5AA94C-3CB5-4C27-A66A-90A6C06C951F}"
EndProject
Project("{8BC9CEB8-8B4A-11D0-8D11-00A0C91BC942}") = "13171", "13171\13171.vcxproj", "{4F2BFABB-D73E-4C5C-AC2B-4C0C2599D985}"
EndProject
Project("{8BC9CEB8-8B4A-11D0-8D11-00A0C91BC942}") = "1753", "1753\1753.vcxproj", "{3576D7AF-16EB-4383-B4F3-12E89DC7A2EA}"
EndProject
Project("{8BC9CEB8-8B4A-11D0-8D11-00A0C91BC942}") = "10217", "10217\10217.vcxproj", "{CF80FE53-517F-4469-8E57-4224A2E3178F}"
EndProject
Global
	GlobalSection(SolutionConfigurationPlatforms) = preSolution
		Debug|x64 = Debug|x64
		Debug|x86 = Debug|x86
		Release|x64 = Release|x64
		Release|x86 = Release|x86
	EndGlobalSection
	GlobalSection(ProjectConfigurationPlatforms) = postSolution
		{1A450E29-EFE2-437B-9EAD-09C7B29CA045}.Debug|x64.ActiveCfg = Debug|x64
		{1A450E29-EFE2-437B-9EAD-09C7B29CA045}.Debug|x64.Build.0 = Debug|x64
		{1A450E29-EFE2-437B-9EAD-09C7B29CA045}.Debug|x86.ActiveCfg = Debug|Win32
		{1A450E29-EFE2-437B-9EAD-09C7B29CA045}.Debug|x86.Build.0 = Debug|Win32
		{1A450E29-EFE2-437B-9EAD-09C7B29CA045}.Release|x64.ActiveCfg = Release|x64
		{1A450E29-EFE2-437B-9EAD-09C7B29CA045}.Release|x64.Build.0 = Release|x64
		{1A450E29-EFE2-437B-9EAD-09C7B29CA045}.Release|x86.ActiveCfg = Release|Win32
		{1A450E29-EFE2-437B-9EAD-09C7B29CA045}.Release|x86.Build.0 = Release|Win32
		{79074EEC-4EEC-4996-88B4-0CB6814C551F}.Debug|x64.ActiveCfg = Debug|x64
		{79074EEC-4EEC-4996-88B4-0CB6814C551F}.Debug|x64.Build.0 = Debug|x64
		{79074EEC-4EEC-4996-88B4-0CB6814C551F}.Debug|x86.ActiveCfg = Debug|Win32
		{79074EEC-4EEC-4996-88B4-0CB6814C551F}.Debug|x86.Build.0 = Debug|Win32
		{79074EEC-4EEC-4996-88B4-0CB6814C551F}.Release|x64.ActiveCfg = Release|x64
		{79074EEC-4EEC-4996-88B4-0CB6814C551F}.Release|x64.Build.0 = Release|x64
		{79074EEC-4EEC-4996-88B4-0CB6814C551F}.Release|x86.ActiveCfg = Release|Win32
		{79074EEC-4EEC-4996-88B4-0CB6814C551F}.Release|x86.Build.0 = Release|Win32
		{3451B01B-6A21-4E56-92B1-3205F60064FD}.Debug|x64.ActiveCfg = Debug|x64
		{3451B01B-6A21-4E56-92B1-3205F60064FD}.Debug|x64.Build.0 = Debug|x64
		{3451B01B-6A21-4E56-92B1-3205F60064FD}.Debug|x86.ActiveCfg = Debug|Win32
		{3451B01B-6A21-4E56-92B1-3205F60064FD}.Debug|x86.Build.0 = Debug|Win32
		{3451B01B-6A21-4E56-92B1-3205F60064FD}.Release|x64.ActiveCfg = Release|x64
		{3451B01B-6A21-4E56-92B1-3205F60064FD}.Release|x64.Build.0 = Release|x64
		{3451B01B-6A21-4E56-92B1-3205F60064FD}.Release|x86.ActiveCfg = Release|Win32
		{3451B01B-6A21-4E56-92B1-3205F60064FD}.Release|x86.Build.0 = Release|Win32
		{70430E49-6FE1-40A5-B1AB-9522F955BE96}.Debug|x64.ActiveCfg = Debug|x64
		{70430E49-6FE1-40A5-B1AB-9522F955BE96}.Debug|x64.Build.0 = Debug|x64
		{70430E49-6FE1-40A5-B1AB-9522F955BE96}.Debug|x86.ActiveCfg = Debug|Win32
		{70430E49-6FE1-40A5-B1AB-9522F955BE96}.Debug|x86.Build.0 = Debug|Win32
		{70430E49-6FE1-40A5-B1AB-9522F955BE96}.Release|x64.ActiveCfg = Release|x64
		{70430E49-6FE1-40A5-B1AB-9522F955BE96}.Release|x64.Build.0 = Release|x64
		{70430E49-6FE1-40A5-B1AB-9522F955BE96}.Release|x86.ActiveCfg = Release|Win32
		{70430E49-6FE1-40A5-B1AB-9522F955BE96}.Release|x86.Build.0 = Release|Win32
		{9833F9B2-4E90-4385-A17E-433E7561C7DE}.Debug|x64.ActiveCfg = Debug|x64
		{9833F9B2-4E90-4385-A17E-433E7561C7DE}.Debug|x64.Build.0 = Debug|x64
		{9833F9B2-4E90-4385-A17E-433E7561C7DE}.Debug|x86.ActiveCfg = Debug|Win32
		{9833F9B2-4E90-4385-A17E-433E7561C7DE}.Debug|x86.Build.0 = Debug|Win32
		{9833F9B2-4E90-4385-A17E-433E7561C7DE}.Release|x64.ActiveCfg = Release|x64
		{9833F9B2-4E90-4385-A17E-433E7561C7DE}.Release|x64.Build.0 = Release|x64
		{9833F9B2-4E90-4385-A17E-433E7561C7DE}.Release|x86.ActiveCfg = Release|Win32
		{9833F9B2-4E90-4385-A17E-433E7561C7DE}.Release|x86.Build.0 = Release|Win32
		{EC97A217-D88D-48E8-AF0C-CF7793CA24EC}.Debug|x64.ActiveCfg = Debug|x64
		{EC97A217-D88D-48E8-AF0C-CF7793CA24EC}.Debug|x64.Build.0 = Debug|x64
		{EC97A217-D88D-48E8-AF0C-CF7793CA24EC}.Debug|x86.ActiveCfg = Debug|Win32
		{EC97A217-D88D-48E8-AF0C-CF7793CA24EC}.Debug|x86.Build.0 = Debug|Win32
		{EC97A217-D88D-48E8-AF0C-CF7793CA24EC}.Release|x64.ActiveCfg = Release|x64
		{EC97A217-D88D-48E8-AF0C-CF7793CA24EC}.Release|x64.Build.0 = Release|x64
		{EC97A217-D88D-48E8-AF0C-CF7793CA24EC}.Release|x86.ActiveCfg = Release|Win32
		{EC97A217-D88D-48E8-AF0C-CF7793CA24EC}.Release|x86.Build.0 = Release|Win32
		{CD05F4B9-53F2-4819-8E99-50EA4A6E40A6}.Debug|x64.ActiveCfg = Debug|x64
		{CD05F4B9-53F2-4819-8E99-50EA4A6E40A6}.Debug|x64.Build.0 = Debug|x64
		{CD05F4B9-53F2-4819-8E99-50EA4A6E40A6}.Debug|x86.ActiveCfg = Debug|Win32
		{CD05F4B9-53F2-4819-8E99-50EA4A6E40A6}.Debug|x86.Build.0 = Debug|Win32
		{CD05F4B9-53F2-4819-8E99-50EA4A6E40A6}.Release|x64.ActiveCfg = Release|x64
		{CD05F4B9-53F2-4819-8E99-50EA4A6E40A6}.Release|x64.Build.0 = Release|x64
		{CD05F4B9-53F2-4819-8E99-50EA4A6E40A6}.Release|x86.ActiveCfg = Release|Win32
		{CD05F4B9-53F2-4819-8E99-50EA4A6E40A6}.Release|x86.Build.0 = Release|Win32
		{7CD62D2B-A0DD-45BA-9600-D53D64B2C520}.Debug|x64.ActiveCfg = Debug|x64
		{7CD62D2B-A0DD-45BA-9600-D53D64B2C520}.Debug|x64.Build.0 = Debug|x64
		{7CD62D2B-A0DD-45BA-9600-D53D64B2C520}.Debug|x86.ActiveCfg = Debug|Win32
		{7CD62D2B-A0DD-45BA-9600-D53D64B2C520}.Debug|x86.Build.0 = Debug|Win32
		{7CD62D2B-A0DD-45BA-9600-D53D64B2C520}.Release|x64.ActiveCfg = Release|x64
		{7CD62D2B-A0DD-45BA-9600-D53D64B2C520}.Release|x64.Build.0 = Release|x64
		{7CD62D2B-A0DD-45BA-9600-D53D64B2C520}.Release|x86.ActiveCfg = Release|Win32
		{7CD62D2B-A0DD-45BA-9600-D53D64B2C520}.Release|x86.Build.0 = Release|Win32
		{D730B188-69F6-4B96-905F-65D645B8D5EE}.Debug|x64.ActiveCfg = Debug|x64
		{D730B188-69F6-4B96-905F-65D645B8D5EE}.Debug|x64.Build.0 = Debug|x64
		{D730B188-69F6-4B96-905F-65D645B8D5EE}.Debug|x86.ActiveCfg = Debug|Win32
		{D730B188-69F6-4B96-905F-65D645B8D5EE}.Debug|x86.Build.0 = Debug|Win32
		{D730B188-69F6-4B96-905F-65D645B8D5EE}.Release|x64.ActiveCfg = Release|x64
		{D730B188-69F6-4B96-905F-65D645B8D5EE}.Release|x64.Build.0 = Release|x64
		{D730B188-69F6-4B96-905F-65D645B8D5EE}.Release|x86.ActiveCfg = Release|Win32
		{D730B188-69F6-4B96-905F-65D645B8D5EE}.Release|x86.Build.0 = Release|Win32
		{9EC0F620-AB5D-452F-9AEE-15B985828C46}.Debug|x64.ActiveCfg = Debug|x64
		{9EC0F620-AB5D-452F-9AEE-15B985828C46}.Debug|x64.Build.0 = Debug|x64
		{9EC0F620-AB5D-452F-9AEE-15B985828C46}.Debug|x86.ActiveCfg = Debug|Win32
		{9EC0F620-AB5D-452F-9AEE-15B985828C46}.Debug|x86.Build.0 = Debug|Win32
		{9EC0F620-AB5D-452F-9AEE-15B985828C46}.Release|x64.ActiveCfg = Release|x64
		{9EC0F620-AB5D-452F-9AEE-15B985828C46}.Release|x64.Build.0 = Release|x64
		{9EC0F620-AB5D-452F-9AEE-15B985828C46}.Release|x86.ActiveCfg = Release|Win32
		{9EC0F620-AB5D-452F-9AEE-15B985828C46}.Release|x86.Build.0 = Release|Win32
		{6E1E1212-1AFA-4580-814E-AB53DC5913CD}.Debug|x64.ActiveCfg = Debug|x64
		{6E1E1212-1AFA-4580-814E-AB53DC5913CD}.Debug|x64.Build.0 = Debug|x64
		{6E1E1212-1AFA-4580-814E-AB53DC5913CD}.Debug|x86.ActiveCfg = Debug|Win32
		{6E1E1212-1AFA-4580-814E-AB53DC5913CD}.Debug|x86.Build.0 = Debug|Win32
		{6E1E1212-1AFA-4580-814E-AB53DC5913CD}.Release|x64.ActiveCfg = Release|x64
		{6E1E1212-1AFA-4580-814E-AB53DC5913CD}.Release|x64.Build.0 = Release|x64
		{6E1E1212-1AFA-4580-814E-AB53DC5913CD}.Release|x86.ActiveCfg = Release|Win32
		{6E1E1212-1AFA-4580-814E-AB53DC5913CD}.Release|x86.Build.0 = Release|Win32
		{CBEBE02E-F888-4976-82B7-C45D9B2BDE18}.Debug|x64.ActiveCfg = Debug|x64
		{CBEBE02E-F888-4976-82B7-C45D9B2BDE18}.Debug|x64.Build.0 = Debug|x64
		{CBEBE02E-F888-4976-82B7-C45D9B2BDE18}.Debug|x86.ActiveCfg = Debug|Win32
		{CBEBE02E-F888-4976-82B7-C45D9B2BDE18}.Debug|x86.Build.0 = Debug|Win32
		{CBEBE02E-F888-4976-82B7-C45D9B2BDE18}.Release|x64.ActiveCfg = Release|x64
		{CBEBE02E-F888-4976-82B7-C45D9B2BDE18}.Release|x64.Build.0 = Release|x64
		{CBEBE02E-F888-4976-82B7-C45D9B2BDE18}.Release|x86.ActiveCfg = Release|Win32
		{CBEBE02E-F888-4976-82B7-C45D9B2BDE18}.Release|x86.Build.0 = Release|Win32
		{A7A37A13-11EF-40BA-B9C2-67D7DE193FBF}.Debug|x64.ActiveCfg = Debug|x64
		{A7A37A13-11EF-40BA-B9C2-67D7DE193FBF}.Debug|x64.Build.0 = Debug|x64
		{A7A37A13-11EF-40BA-B9C2-67D7DE193FBF}.Debug|x86.ActiveCfg = Debug|Win32
		{A7A37A13-11EF-40BA-B9C2-67D7DE193FBF}.Debug|x86.Build.0 = Debug|Win32
		{A7A37A13-11EF-40BA-B9C2-67D7DE193FBF}.Release|x64.ActiveCfg = Release|x64
		{A7A37A13-11EF-40BA-B9C2-67D7DE193FBF}.Release|x64.Build.0 = Release|x64
		{A7A37A13-11EF-40BA-B9C2-67D7DE193FBF}.Release|x86.ActiveCfg = Release|Win32
		{A7A37A13-11EF-40BA-B9C2-67D7DE193FBF}.Release|x86.Build.0 = Release|Win32
		{936B8542-9620-4FCE-83FF-A032659476F9}.Debug|x64.ActiveCfg = Debug|x64
		{936B8542-9620-4FCE-83FF-A032659476F9}.Debug|x64.Build.0 = Debug|x64
		{936B8542-9620-4FCE-83FF-A032659476F9}.Debug|x86.ActiveCfg = Debug|Win32
		{936B8542-9620-4FCE-83FF-A032659476F9}.Debug|x86.Build.0 = Debug|Win32
		{936B8542-9620-4FCE-83FF-A032659476F9}.Release|x64.ActiveCfg = Release|x64
		{936B8542-9620-4FCE-83FF-A032659476F9}.Release|x64.Build.0 = Release|x64
		{936B8542-9620-4FCE-83FF-A032659476F9}.Release|x86.ActiveCfg = Release|Win32
		{936B8542-9620-4FCE-83FF-A032659476F9}.Release|x86.Build.0 = Release|Win32
		{7FD3DBF3-0A96-4359-BB9B-8ED4E6A9BFFB}.Debug|x64.ActiveCfg = Debug|x64
		{7FD3DBF3-0A96-4359-BB9B-8ED4E6A9BFFB}.Debug|x64.Build.0 = Debug|x64
		{7FD3DBF3-0A96-4359-BB9B-8ED4E6A9BFFB}.Debug|x86.ActiveCfg = Debug|Win32
		{7FD3DBF3-0A96-4359-BB9B-8ED4E6A9BFFB}.Debug|x86.Build.0 = Debug|Win32
		{7FD3DBF3-0A96-4359-BB9B-8ED4E6A9BFFB}.Release|x64.ActiveCfg = Release|x64
		{7FD3DBF3-0A96-4359-BB9B-8ED4E6A9BFFB}.Release|x64.Build.0 = Release|x64
		{7FD3DBF3-0A96-4359-BB9B-8ED4E6A9BFFB}.Release|x86.ActiveCfg = Release|Win32
		{7FD3DBF3-0A96-4359-BB9B-8ED4E6A9BFFB}.Release|x86.Build.0 = Release|Win32
		{7B79F00B-D23B-49E1-B8D4-C4807E7DE071}.Debug|x64.ActiveCfg = Debug|x64
		{7B79F00B-D23B-49E1-B8D4-C4807E7DE071}.Debug|x64.Build.0 = Debug|x64
		{7B79F00B-D23B-49E1-B8D4-C4807E7DE071}.Debug|x86.ActiveCfg = Debug|Win32
		{7B79F00B-D23B-49E1-B8D4-C4807E7DE071}.Debug|x86.Build.0 = Debug|Win32
		{7B79F00B-D23B-49E1-B8D4-C4807E7DE071}.Release|x64.ActiveCfg = Release|x64
		{7B79F00B-D23B-49E1-B8D4-C4807E7DE071}.Release|x64.Build.0 = Release|x64
		{7B79F00B-D23B-49E1-B8D4-C4807E7DE071}.Release|x86.ActiveCfg = Release|Win32
		{7B79F00B-D23B-49E1-B8D4-C4807E7DE071}.Release|x86.Build.0 = Release|Win32
		{1EA29522-BF74-45E1-A466-F25D7593195D}.Debug|x64.ActiveCfg = Debug|x64
		{1EA29522-BF74-45E1-A466-F25D7593195D}.Debug|x64.Build.0 = Debug|x64
		{1EA29522-BF74-45E1-A466-F25D7593195D}.Debug|x86.ActiveCfg = Debug|Win32
		{1EA29522-BF74-45E1-A466-F25D7593195D}.Debug|x86.Build.0 = Debug|Win32
		{1EA29522-BF74-45E1-A466-F25D7593195D}.Release|x64.ActiveCfg = Release|x64
		{1EA29522-BF74-45E1-A466-F25D7593195D}.Release|x64.Build.0 = Release|x64
		{1EA29522-BF74-45E1-A466-F25D7593195D}.Release|x86.ActiveCfg = Release|Win32
		{1EA29522-BF74-45E1-A466-F25D7593195D}.Release|x86.Build.0 = Release|Win32
		{FB6504A7-744B-4EBE-98D1-95E8D32F9A96}.Debug|x64.ActiveCfg = Debug|x64
		{FB6504A7-744B-4EBE-98D1-95E8D32F9A96}.Debug|x64.Build.0 = Debug|x64
		{FB6504A7-744B-4EBE-98D1-95E8D32F9A96}.Debug|x86.ActiveCfg = Debug|Win32
		{FB6504A7-744B-4EBE-98D1-95E8D32F9A96}.Debug|x86.Build.0 = Debug|Win32
		{FB6504A7-744B-4EBE-98D1-95E8D32F9A96}.Release|x64.ActiveCfg = Release|x64
		{FB6504A7-744B-4EBE-98D1-95E8D32F9A96}.Release|x64.Build.0 = Release|x64
		{FB6504A7-744B-4EBE-98D1-95E8D32F9A96}.Release|x86.ActiveCfg = Release|Win32
		{FB6504A7-744B-4EBE-98D1-95E8D32F9A96}.Release|x86.Build.0 = Release|Win32
		{D8018363-1F4D-403E-A3DF-C0670900D126}.Debug|x64.ActiveCfg = Debug|x64
		{D8018363-1F4D-403E-A3DF-C0670900D126}.Debug|x64.Build.0 = Debug|x64
		{D8018363-1F4D-403E-A3DF-C0670900D126}.Debug|x86.ActiveCfg = Debug|Win32
		{D8018363-1F4D-403E-A3DF-C0670900D126}.Debug|x86.Build.0 = Debug|Win32
		{D8018363-1F4D-403E-A3DF-C0670900D126}.Release|x64.ActiveCfg = Release|x64
		{D8018363-1F4D-403E-A3DF-C0670900D126}.Release|x64.Build.0 = Release|x64
		{D8018363-1F4D-403E-A3DF-C0670900D126}.Release|x86.ActiveCfg = Release|Win32
		{D8018363-1F4D-403E-A3DF-C0670900D126}.Release|x86.Build.0 = Release|Win32
		{4DC2342D-0817-42EB-B033-25E581DFD8A6}.Debug|x64.ActiveCfg = Debug|x64
		{4DC2342D-0817-42EB-B033-25E581DFD8A6}.Debug|x64.Build.0 = Debug|x64
		{4DC2342D-0817-42EB-B033-25E581DFD8A6}.Debug|x86.ActiveCfg = Debug|Win32
		{4DC2342D-0817-42EB-B033-25E581DFD8A6}.Debug|x86.Build.0 = Debug|Win32
		{4DC2342D-0817-42EB-B033-25E581DFD8A6}.Release|x64.ActiveCfg = Release|x64
		{4DC2342D-0817-42EB-B033-25E581DFD8A6}.Release|x64.Build.0 = Release|x64
		{4DC2342D-0817-42EB-B033-25E581DFD8A6}.Release|x86.ActiveCfg = Release|Win32
		{4DC2342D-0817-42EB-B033-25E581DFD8A6}.Release|x86.Build.0 = Release|Win32
		{2BE40211-052A-4437-A25F-FEE54DC6E034}.Debug|x64.ActiveCfg = Debug|x64
		{2BE40211-052A-4437-A25F-FEE54DC6E034}.Debug|x64.Build.0 = Debug|x64
		{2BE40211-052A-4437-A25F-FEE54DC6E034}.Debug|x86.ActiveCfg = Debug|Win32
		{2BE40211-052A-4437-A25F-FEE54DC6E034}.Debug|x86.Build.0 = Debug|Win32
		{2BE40211-052A-4437-A25F-FEE54DC6E034}.Release|x64.ActiveCfg = Release|x64
		{2BE40211-052A-4437-A25F-FEE54DC6E034}.Release|x64.Build.0 = Release|x64
		{2BE40211-052A-4437-A25F-FEE54DC6E034}.Release|x86.ActiveCfg = Release|Win32
		{2BE40211-052A-4437-A25F-FEE54DC6E034}.Release|x86.Build.0 = Release|Win32
		{34E90510-36A1-4A31-B003-1AAE11A029B8}.Debug|x64.ActiveCfg = Debug|x64
		{34E90510-36A1-4A31-B003-1AAE11A029B8}.Debug|x64.Build.0 = Debug|x64
		{34E90510-36A1-4A31-B003-1AAE11A029B8}.Debug|x86.ActiveCfg = Debug|Win32
		{34E90510-36A1-4A31-B003-1AAE11A029B8}.Debug|x86.Build.0 = Debug|Win32
		{34E90510-36A1-4A31-B003-1AAE11A029B8}.Release|x64.ActiveCfg = Release|x64
		{34E90510-36A1-4A31-B003-1AAE11A029B8}.Release|x64.Build.0 = Release|x64
		{34E90510-36A1-4A31-B003-1AAE11A029B8}.Release|x86.ActiveCfg = Release|Win32
		{34E90510-36A1-4A31-B003-1AAE11A029B8}.Release|x86.Build.0 = Release|Win32
		{9D20D437-7B05-4127-8011-A18F7D3A2F7D}.Debug|x64.ActiveCfg = Debug|x64
		{9D20D437-7B05-4127-8011-A18F7D3A2F7D}.Debug|x64.Build.0 = Debug|x64
		{9D20D437-7B05-4127-8011-A18F7D3A2F7D}.Debug|x86.ActiveCfg = Debug|Win32
		{9D20D437-7B05-4127-8011-A18F7D3A2F7D}.Debug|x86.Build.0 = Debug|Win32
		{9D20D437-7B05-4127-8011-A18F7D3A2F7D}.Release|x64.ActiveCfg = Release|x64
		{9D20D437-7B05-4127-8011-A18F7D3A2F7D}.Release|x64.Build.0 = Release|x64
		{9D20D437-7B05-4127-8011-A18F7D3A2F7D}.Release|x86.ActiveCfg = Release|Win32
		{9D20D437-7B05-4127-8011-A18F7D3A2F7D}.Release|x86.Build.0 = Release|Win32
		{CB3F6E0D-51AB-4E01-8ADD-C53132380CD9}.Debug|x64.ActiveCfg = Debug|x64
		{CB3F6E0D-51AB-4E01-8ADD-C53132380CD9}.Debug|x64.Build.0 = Debug|x64
		{CB3F6E0D-51AB-4E01-8ADD-C53132380CD9}.Debug|x86.ActiveCfg = Debug|Win32
		{CB3F6E0D-51AB-4E01-8ADD-C53132380CD9}.Debug|x86.Build.0 = Debug|Win32
		{CB3F6E0D-51AB-4E01-8ADD-C53132380CD9}.Release|x64.ActiveCfg = Release|x64
		{CB3F6E0D-51AB-4E01-8ADD-C53132380CD9}.Release|x64.Build.0 = Release|x64
		{CB3F6E0D-51AB-4E01-8ADD-C53132380CD9}.Release|x86.ActiveCfg = Release|Win32
		{CB3F6E0D-51AB-4E01-8ADD-C53132380CD9}.Release|x86.Build.0 = Release|Win32
		{F314208D-8E37-4795-AE42-9D1C54DA6CC6}.Debug|x64.ActiveCfg = Debug|x64
		{F314208D-8E37-4795-AE42-9D1C54DA6CC6}.Debug|x64.Build.0 = Debug|x64
		{F314208D-8E37-4795-AE42-9D1C54DA6CC6}.Debug|x86.ActiveCfg = Debug|Win32
		{F314208D-8E37-4795-AE42-9D1C54DA6CC6}.Debug|x86.Build.0 = Debug|Win32
		{F314208D-8E37-4795-AE42-9D1C54DA6CC6}.Release|x64.ActiveCfg = Release|x64
		{F314208D-8E37-4795-AE42-9D1C54DA6CC6}.Release|x64.Build.0 = Release|x64
		{F314208D-8E37-4795-AE42-9D1C54DA6CC6}.Release|x86.ActiveCfg = Release|Win32
		{F314208D-8E37-4795-AE42-9D1C54DA6CC6}.Release|x86.Build.0 = Release|Win32
		{A9EB22E8-C171-4BCB-87DA-DEC1D1169D96}.Debug|x64.ActiveCfg = Debug|x64
		{A9EB22E8-C171-4BCB-87DA-DEC1D1169D96}.Debug|x64.Build.0 = Debug|x64
		{A9EB22E8-C171-4BCB-87DA-DEC1D1169D96}.Debug|x86.ActiveCfg = Debug|Win32
		{A9EB22E8-C171-4BCB-87DA-DEC1D1169D96}.Debug|x86.Build.0 = Debug|Win32
		{A9EB22E8-C171-4BCB-87DA-DEC1D1169D96}.Release|x64.ActiveCfg = Release|x64
		{A9EB22E8-C171-4BCB-87DA-DEC1D1169D96}.Release|x64.Build.0 = Release|x64
		{A9EB22E8-C171-4BCB-87DA-DEC1D1169D96}.Release|x86.ActiveCfg = Release|Win32
		{A9EB22E8-C171-4BCB-87DA-DEC1D1169D96}.Release|x86.Build.0 = Release|Win32
		{194C5C01-D41B-49F2-9E65-2E1535A26AB6}.Debug|x64.ActiveCfg = Debug|x64
		{194C5C01-D41B-49F2-9E65-2E1535A26AB6}.Debug|x64.Build.0 = Debug|x64
		{194C5C01-D41B-49F2-9E65-2E1535A26AB6}.Debug|x86.ActiveCfg = Debug|Win32
		{194C5C01-D41B-49F2-9E65-2E1535A26AB6}.Debug|x86.Build.0 = Debug|Win32
		{194C5C01-D41B-49F2-9E65-2E1535A26AB6}.Release|x64.ActiveCfg = Release|x64
		{194C5C01-D41B-49F2-9E65-2E1535A26AB6}.Release|x64.Build.0 = Release|x64
		{194C5C01-D41B-49F2-9E65-2E1535A26AB6}.Release|x86.ActiveCfg = Release|Win32
		{194C5C01-D41B-49F2-9E65-2E1535A26AB6}.Release|x86.Build.0 = Release|Win32
		{BDAFFDA3-6DF6-4BB7-819D-71938AB7BC00}.Debug|x64.ActiveCfg = Debug|x64
		{BDAFFDA3-6DF6-4BB7-819D-71938AB7BC00}.Debug|x64.Build.0 = Debug|x64
		{BDAFFDA3-6DF6-4BB7-819D-71938AB7BC00}.Debug|x86.ActiveCfg = Debug|Win32
		{BDAFFDA3-6DF6-4BB7-819D-71938AB7BC00}.Debug|x86.Build.0 = Debug|Win32
		{BDAFFDA3-6DF6-4BB7-819D-71938AB7BC00}.Release|x64.ActiveCfg = Release|x64
		{BDAFFDA3-6DF6-4BB7-819D-71938AB7BC00}.Release|x64.Build.0 = Release|x64
		{BDAFFDA3-6DF6-4BB7-819D-71938AB7BC00}.Release|x86.ActiveCfg = Release|Win32
		{BDAFFDA3-6DF6-4BB7-819D-71938AB7BC00}.Release|x86.Build.0 = Release|Win32
		{FFFBB69E-093B-4E14-8F86-66EBDEB8510B}.Debug|x64.ActiveCfg = Debug|x64
		{FFFBB69E-093B-4E14-8F86-66EBDEB8510B}.Debug|x64.Build.0 = Debug|x64
		{FFFBB69E-093B-4E14-8F86-66EBDEB8510B}.Debug|x86.ActiveCfg = Debug|Win32
		{FFFBB69E-093B-4E14-8F86-66EBDEB8510B}.Debug|x86.Build.0 = Debug|Win32
		{FFFBB69E-093B-4E14-8F86-66EBDEB8510B}.Release|x64.ActiveCfg = Release|x64
		{FFFBB69E-093B-4E14-8F86-66EBDEB8510B}.Release|x64.Build.0 = Release|x64
		{FFFBB69E-093B-4E14-8F86-66EBDEB8510B}.Release|x86.ActiveCfg = Release|Win32
		{FFFBB69E-093B-4E14-8F86-66EBDEB8510B}.Release|x86.Build.0 = Release|Win32
		{DEB5ECCD-70EE-48F7-8210-84CEB664C2F0}.Debug|x64.ActiveCfg = Debug|x64
		{DEB5ECCD-70EE-48F7-8210-84CEB664C2F0}.Debug|x64.Build.0 = Debug|x64
		{DEB5ECCD-70EE-48F7-8210-84CEB664C2F0}.Debug|x86.ActiveCfg = Debug|Win32
		{DEB5ECCD-70EE-48F7-8210-84CEB664C2F0}.Debug|x86.Build.0 = Debug|Win32
		{DEB5ECCD-70EE-48F7-8210-84CEB664C2F0}.Release|x64.ActiveCfg = Release|x64
		{DEB5ECCD-70EE-48F7-8210-84CEB664C2F0}.Release|x64.Build.0 = Release|x64
		{DEB5ECCD-70EE-48F7-8210-84CEB664C2F0}.Release|x86.ActiveCfg = Release|Win32
		{DEB5ECCD-70EE-48F7-8210-84CEB664C2F0}.Release|x86.Build.0 = Release|Win32
		{70BA7702-D993-41CB-B717-3695C6EB3326}.Debug|x64.ActiveCfg = Debug|x64
		{70BA7702-D993-41CB-B717-3695C6EB3326}.Debug|x64.Build.0 = Debug|x64
		{70BA7702-D993-41CB-B717-3695C6EB3326}.Debug|x86.ActiveCfg = Debug|Win32
		{70BA7702-D993-41CB-B717-3695C6EB3326}.Debug|x86.Build.0 = Debug|Win32
		{70BA7702-D993-41CB-B717-3695C6EB3326}.Release|x64.ActiveCfg = Release|x64
		{70BA7702-D993-41CB-B717-3695C6EB3326}.Release|x64.Build.0 = Release|x64
		{70BA7702-D993-41CB-B717-3695C6EB3326}.Release|x86.ActiveCfg = Release|Win32
		{70BA7702-D993-41CB-B717-3695C6EB3326}.Release|x86.Build.0 = Release|Win32
		{0F0AFDA1-B6B8-43A3-A63A-59ABA0297627}.Debug|x64.ActiveCfg = Debug|x64
		{0F0AFDA1-B6B8-43A3-A63A-59ABA0297627}.Debug|x64.Build.0 = Debug|x64
		{0F0AFDA1-B6B8-43A3-A63A-59ABA0297627}.Debug|x86.ActiveCfg = Debug|Win32
		{0F0AFDA1-B6B8-43A3-A63A-59ABA0297627}.Debug|x86.Build.0 = Debug|Win32
		{0F0AFDA1-B6B8-43A3-A63A-59ABA0297627}.Release|x64.ActiveCfg = Release|x64
		{0F0AFDA1-B6B8-43A3-A63A-59ABA0297627}.Release|x64.Build.0 = Release|x64
		{0F0AFDA1-B6B8-43A3-A63A-59ABA0297627}.Release|x86.ActiveCfg = Release|Win32
		{0F0AFDA1-B6B8-43A3-A63A-59ABA0297627}.Release|x86.Build.0 = Release|Win32
		{321DA45D-5B70-40E3-AD34-D9A1C097BF7D}.Debug|x64.ActiveCfg = Debug|x64
		{321DA45D-5B70-40E3-AD34-D9A1C097BF7D}.Debug|x64.Build.0 = Debug|x64
		{321DA45D-5B70-40E3-AD34-D9A1C097BF7D}.Debug|x86.ActiveCfg = Debug|Win32
		{321DA45D-5B70-40E3-AD34-D9A1C097BF7D}.Debug|x86.Build.0 = Debug|Win32
		{321DA45D-5B70-40E3-AD34-D9A1C097BF7D}.Release|x64.ActiveCfg = Release|x64
		{321DA45D-5B70-40E3-AD34-D9A1C097BF7D}.Release|x64.Build.0 = Release|x64
		{321DA45D-5B70-40E3-AD34-D9A1C097BF7D}.Release|x86.ActiveCfg = Release|Win32
		{321DA45D-5B70-40E3-AD34-D9A1C097BF7D}.Release|x86.Build.0 = Release|Win32
		{BD5AA94C-3CB5-4C27-A66A-90A6C06C951F}.Debug|x64.ActiveCfg = Debug|x64
		{BD5AA94C-3CB5-4C27-A66A-90A6C06C951F}.Debug|x64.Build.0 = Debug|x64
		{BD5AA94C-3CB5-4C27-A66A-90A6C06C951F}.Debug|x86.ActiveCfg = Debug|Win32
		{BD5AA94C-3CB5-4C27-A66A-90A6C06C951F}.Debug|x86.Build.0 = Debug|Win32
		{BD5AA94C-3CB5-4C27-A66A-90A6C06C951F}.Release|x64.ActiveCfg = Release|x64
		{BD5AA94C-3CB5-4C27-A66A-90A6C06C951F}.Release|x64.Build.0 = Release|x64
		{BD5AA94C-3CB5-4C27-A66A-90A6C06C951F}.Release|x86.ActiveCfg = Release|Win32
		{BD5AA94C-3CB5-4C27-A66A-90A6C06C951F}.Release|x86.Build.0 = Release|Win32
		{4F2BFABB-D73E-4C5C-AC2B-4C0C2599D985}.Debug|x64.ActiveCfg = Debug|x64
		{4F2BFABB-D73E-4C5C-AC2B-4C0C2599D985}.Debug|x64.Build.0 = Debug|x64
		{4F2BFABB-D73E-4C5C-AC2B-4C0C2599D985}.Debug|x86.ActiveCfg = Debug|Win32
		{4F2BFABB-D73E-4C5C-AC2B-4C0C2599D985}.Debug|x86.Build.0 = Debug|Win32
		{4F2BFABB-D73E-4C5C-AC2B-4C0C2599D985}.Release|x64.ActiveCfg = Release|x64
		{4F2BFABB-D73E-4C5C-AC2B-4C0C2599D985}.Release|x64.Build.0 = Release|x64
		{4F2BFABB-D73E-4C5C-AC2B-4C0C2599D985}.Release|x86.ActiveCfg = Release|Win32
		{4F2BFABB-D73E-4C5C-AC2B-4C0C2599D985}.Release|x86.Build.0 = Release|Win32
		{3576D7AF-16EB-4383-B4F3-12E89DC7A2EA}.Debug|x64.ActiveCfg = Debug|x64
		{3576D7AF-16EB-4383-B4F3-12E89DC7A2EA}.Debug|x64.Build.0 = Debug|x64
		{3576D7AF-16EB-4383-B4F3-12E89DC7A2EA}.Debug|x86.ActiveCfg = Debug|Win32
		{3576D7AF-16EB-4383-B4F3-12E89DC7A2EA}.Debug|x86.Build.0 = Debug|Win32
		{3576D7AF-16EB-4383-B4F3-12E89DC7A2EA}.Release|x64.ActiveCfg = Release|x64
		{3576D7AF-16EB-4383-B4F3-12E89DC7A2EA}.Release|x64.Build.0 = Release|x64
		{3576D7AF-16EB-4383-B4F3-12E89DC7A2EA}.Release|x86.ActiveCfg = Release|Win32
		{3576D7AF-16EB-4383-B4F3-12E89DC7A2EA}.Release|x86.Build.0 = Release|Win32
		{CF80FE53-517F-4469-8E57-4224A2E3178F}.Debug|x64.ActiveCfg = Debug|x64
		{CF80FE53-517F-4469-8E57-4224A2E3178F}.Debug|x64.Build.0 = Debug|x64
		{CF80FE53-517F-4469-8E57-4224A2E3178F}.Debug|x86.ActiveCfg = Debug|Win32
		{CF80FE53-517F-4469-8E57-4224A2E3178F}.Debug|x86.Build.0 = Debug|Win32
		{CF80FE53-517F-4469-8E57-4224A2E3178F}.Release|x64.ActiveCfg = Release|x64
		{CF80FE53-517F-4469-8E57-4224A2E3178F}.Release|x64.Build.0 = Release|x64
		{CF80FE53-517F-4469-8E57-4224A2E3178F}.Release|x86.ActiveCfg = Release|Win32
		{CF80FE53-517F-4469-8E57-4224A2E3178F}.Release|x86.Build.0 = Release|Win32
	EndGlobalSection
	GlobalSection(SolutionProperties) = preSolution
		HideSolutionNode = FALSE
	EndGlobalSection
	GlobalSection(ExtensibilityGlobals) = postSolution
		SolutionGuid = {589AC300-4BE7-4B49-8843-01506393A8F3}
	EndGlobalSection
EndGlobal
